<?xml version="1.0" encoding="utf-8"?>
<Project ToolsVersion="4.0" xmlns="http://schemas.microsoft.com/developer/msbuild/2003">
  <ItemGroup>
    <ClInclude Include="targetver.h" />
    <ClInclude Include="stdafx.h">
      <Filter>Header\Precompiled header</Filter>
    </ClInclude>
    <ClInclude Include="Singletone.h">
      <Filter>Template</Filter>
    </ClInclude>
    <ClInclude Include="MainProc.h">
      <Filter>MainProc</Filter>
    </ClInclude>
    <ClInclude Include="MouseInput.h">
      <Filter>Framework\MouseInput</Filter>
    </ClInclude>
    <ClInclude Include="EventHandler.h">
      <Filter>Framework\EventHandler</Filter>
    </ClInclude>
    <ClInclude Include="Object.h">
      <Filter>Object\Perent Class</Filter>
    </ClInclude>
    <ClInclude Include="SceneManager.h">
      <Filter>Framework\SceneManager</Filter>
    </ClInclude>
    <ClInclude Include="Button.h">
      <Filter>Object\Button</Filter>
    </ClInclude>
    <ClInclude Include="Scene.h">
      <Filter>Scene\Perent Class</Filter>
    </ClInclude>
    <ClInclude Include="SceneChangeBehavior.h">
      <Filter>Object\Button\Behavior\SceneChangeBehavior</Filter>
    </ClInclude>
    <ClInclude Include="StartScene.h">
      <Filter>Scene\StartScene</Filter>
    </ClInclude>
    <ClInclude Include="SceneNumber.h">
      <Filter>Scene</Filter>
    </ClInclude>
    <ClInclude Include="Behaviors.h">
      <Filter>Object\Button\Behavior</Filter>
    </ClInclude>
  </ItemGroup>
  <ItemGroup>
    <ClCompile Include="stdafx.cpp">
      <Filter>Header\Precompiled header</Filter>
    </ClCompile>
    <ClCompile Include="main.cpp" />
    <ClCompile Include="MainProc.cpp">
      <Filter>MainProc</Filter>
    </ClCompile>
    <ClCompile Include="MouseInput.cpp">
      <Filter>Framework\MouseInput</Filter>
    </ClCompile>
    <ClCompile Include="EventHandler.cpp">
      <Filter>Framework\EventHandler</Filter>
    </ClCompile>
    <ClCompile Include="Object.cpp">
      <Filter>Object\Perent Class</Filter>
    </ClCompile>
    <ClCompile Include="SceneManager.cpp">
      <Filter>Framework\SceneManager</Filter>
    </ClCompile>
    <ClCompile Include="Button.cpp">
      <Filter>Object\Button</Filter>
    </ClCompile>
    <ClCompile Include="Scene.cpp">
      <Filter>Scene\Perent Class</Filter>
    </ClCompile>
    <ClCompile Include="SceneChangeBehavior.cpp">
      <Filter>Object\Button\Behavior\SceneChangeBehavior</Filter>
    </ClCompile>
    <ClCompile Include="StartScene.cpp">
      <Filter>Scene\StartScene</Filter>
    </ClCompile>
  </ItemGroup>
  <ItemGroup>
    <Filter Include="Template">
      <UniqueIdentifier>{db4e4f6a-3d02-4a6b-9844-3a735e54951e}</UniqueIdentifier>
    </Filter>
    <Filter Include="Object">
      <UniqueIdentifier>{aa6dba79-d4de-46b5-b28b-e3390e136ce1}</UniqueIdentifier>
    </Filter>
    <Filter Include="Framework">
      <UniqueIdentifier>{b52526e8-4690-4411-8096-473d756c2ee4}</UniqueIdentifier>
    </Filter>
    <Filter Include="Framework\EventHandler">
      <UniqueIdentifier>{165ba749-96de-4644-beaf-41731de05e76}</UniqueIdentifier>
    </Filter>
    <Filter Include="Framework\MouseInput">
      <UniqueIdentifier>{3df29723-b4f9-4573-ab1f-ab8d3a96118c}</UniqueIdentifier>
    </Filter>
    <Filter Include="MainProc">
      <UniqueIdentifier>{5e831d1f-e184-41c0-a3ab-b2793d6d0348}</UniqueIdentifier>
    </Filter>
    <Filter Include="Framework\SceneManager">
      <UniqueIdentifier>{1c914daa-7a3a-49a8-b4a3-f7a288f95ce8}</UniqueIdentifier>
    </Filter>
    <Filter Include="Header">
      <UniqueIdentifier>{ebf5527c-549c-41a1-bfda-620b44cceb6b}</UniqueIdentifier>
    </Filter>
    <Filter Include="Header\Precompiled header">
      <UniqueIdentifier>{86fb561a-be24-49fa-951f-0f765b9a947d}</UniqueIdentifier>
    </Filter>
    <Filter Include="Object\Button">
      <UniqueIdentifier>{0e93060f-09dd-4ed7-b59e-4e82117ab95a}</UniqueIdentifier>
    </Filter>
    <Filter Include="Scene">
      <UniqueIdentifier>{5076b9fb-d170-4952-b5af-39281f3f771c}</UniqueIdentifier>
    </Filter>
    <Filter Include="Object\Button\Behavior">
      <UniqueIdentifier>{bd0ce8e6-8824-40bd-ab76-228d81c3dc57}</UniqueIdentifier>
    </Filter>
    <Filter Include="Scene\Perent Class">
      <UniqueIdentifier>{8f050ebb-0e4c-4832-a184-4bfd4572282d}</UniqueIdentifier>
    </Filter>
    <Filter Include="Object\Button\Behavior\SceneChangeBehavior">
      <UniqueIdentifier>{ff890f9d-427c-4061-a8a1-16f7d4aeac4a}</UniqueIdentifier>
    </Filter>
    <Filter Include="Object\Perent Class">
      <UniqueIdentifier>{e877a2e3-ad88-4512-b978-ae72561ea6ab}</UniqueIdentifier>
    </Filter>
    <Filter Include="Scene\StartScene">
      <UniqueIdentifier>{99b29029-4fbf-4b1f-bdd3-b32cb071e8c0}</UniqueIdentifier>
    </Filter>
  </ItemGroup>
  <ItemGroup>
    <Text Include="ReadMe.txt" />
  </ItemGroup>
</Project>